github.com/flaxandteal/hugo-cookies v0.0.0-20250912234728-faf4561ea831 h1:EU1BqocmsCi2SMfcVHrkE+XBjM6NG5kzkhIKhRkFLNA=
github.com/flaxandteal/hugo-cookies v0.0.0-20250912234728-faf4561ea831/go.mod h1:yXeybjve5gdOaLp2i1NKmDVGiFTgJXL6WLjyJMISLvU=
github.com/flaxandteal/hugo-cookies v0.1.1 h1:EbL0sDwSxJZNLXFyBy6hfM7os65g4ruBPedRqNe+Rmk=
github.com/flaxandteal/hugo-cookies v0.1.1/go.mod h1:yXeybjve5gdOaLp2i1NKmDVGiFTgJXL6WLjyJMISLvU=
